
Microsoft Visual Studio Solution File, Format Version 11.00
# Visual C# Express 2010
Project("{FAE04EC0-301F-11D3-BF4B-00C04F79EFBC}") = "Tennis02", "TestGame3d\TestGame3d\Tennis02.csproj", "{0C8AD0A4-899E-4A13-A5C7-CCA7B099CFC8}"
EndProject
Project("{FAE04EC0-301F-11D3-BF4B-00C04F79EFBC}") = "Tennis02Content", "TestGame3d\TestGame3dContent\Tennis02Content.contentproj", "{262CA68D-17B6-4924-97B9-9555505870FD}"
EndProject
Project("{FAE04EC0-301F-11D3-BF4B-00C04F79EFBC}") = "SkinnedModelPipeline", "..\SkinningSample_4_0\SkinnedModelPipeline\SkinnedModelPipeline.csproj", "{4636C7E1-B845-4B83-B96D-64A11B8A4515}"
EndProject
Project("{FAE04EC0-301F-11D3-BF4B-00C04F79EFBC}") = "SkinnedModelWindows", "..\SkinningSample_4_0\SkinnedModel\SkinnedModelWindows.csproj", "{0D41E29B-829F-4255-BCA5-64DC2677DA6D}"
EndProject
Global
	GlobalSection(SolutionConfigurationPlatforms) = preSolution
		Debug|x86 = Debug|x86
		Debug|Xbox 360 = Debug|Xbox 360
		Release|x86 = Release|x86
		Release|Xbox 360 = Release|Xbox 360
	EndGlobalSection
	GlobalSection(ProjectConfigurationPlatforms) = postSolution
		{0C8AD0A4-899E-4A13-A5C7-CCA7B099CFC8}.Debug|x86.ActiveCfg = Debug|x86
		{0C8AD0A4-899E-4A13-A5C7-CCA7B099CFC8}.Debug|x86.Build.0 = Debug|x86
		{0C8AD0A4-899E-4A13-A5C7-CCA7B099CFC8}.Debug|Xbox 360.ActiveCfg = Debug|x86
		{0C8AD0A4-899E-4A13-A5C7-CCA7B099CFC8}.Release|x86.ActiveCfg = Release|x86
		{0C8AD0A4-899E-4A13-A5C7-CCA7B099CFC8}.Release|x86.Build.0 = Release|x86
		{0C8AD0A4-899E-4A13-A5C7-CCA7B099CFC8}.Release|Xbox 360.ActiveCfg = Release|x86
		{262CA68D-17B6-4924-97B9-9555505870FD}.Debug|x86.ActiveCfg = Debug|x86
		{262CA68D-17B6-4924-97B9-9555505870FD}.Debug|Xbox 360.ActiveCfg = Debug|x86
		{262CA68D-17B6-4924-97B9-9555505870FD}.Release|x86.ActiveCfg = Release|x86
		{262CA68D-17B6-4924-97B9-9555505870FD}.Release|Xbox 360.ActiveCfg = Release|x86
		{4636C7E1-B845-4B83-B96D-64A11B8A4515}.Debug|x86.ActiveCfg = Debug|x86
		{4636C7E1-B845-4B83-B96D-64A11B8A4515}.Debug|x86.Build.0 = Debug|x86
		{4636C7E1-B845-4B83-B96D-64A11B8A4515}.Debug|Xbox 360.ActiveCfg = Debug|x86
		{4636C7E1-B845-4B83-B96D-64A11B8A4515}.Debug|Xbox 360.Build.0 = Debug|x86
		{4636C7E1-B845-4B83-B96D-64A11B8A4515}.Release|x86.ActiveCfg = Debug|x86
		{4636C7E1-B845-4B83-B96D-64A11B8A4515}.Release|x86.Build.0 = Debug|x86
		{4636C7E1-B845-4B83-B96D-64A11B8A4515}.Release|Xbox 360.ActiveCfg = Debug|x86
		{4636C7E1-B845-4B83-B96D-64A11B8A4515}.Release|Xbox 360.Build.0 = Debug|x86
		{0D41E29B-829F-4255-BCA5-64DC2677DA6D}.Debug|x86.ActiveCfg = Debug|x86
		{0D41E29B-829F-4255-BCA5-64DC2677DA6D}.Debug|x86.Build.0 = Debug|x86
		{0D41E29B-829F-4255-BCA5-64DC2677DA6D}.Debug|Xbox 360.ActiveCfg = Debug|Xbox 360
		{0D41E29B-829F-4255-BCA5-64DC2677DA6D}.Debug|Xbox 360.Build.0 = Debug|Xbox 360
		{0D41E29B-829F-4255-BCA5-64DC2677DA6D}.Release|x86.ActiveCfg = Release|x86
		{0D41E29B-829F-4255-BCA5-64DC2677DA6D}.Release|x86.Build.0 = Release|x86
		{0D41E29B-829F-4255-BCA5-64DC2677DA6D}.Release|Xbox 360.ActiveCfg = Release|Xbox 360
		{0D41E29B-829F-4255-BCA5-64DC2677DA6D}.Release|Xbox 360.Build.0 = Release|Xbox 360
	EndGlobalSection
	GlobalSection(SolutionProperties) = preSolution
		HideSolutionNode = FALSE
	EndGlobalSection
EndGlobal
